
Microsoft Visual Studio Solution File, Format Version 12.00
# Visual Studio 15
VisualStudioVersion = 15.0.27703.2026
MinimumVisualStudioVersion = 10.0.40219.1
Project("{9A19103F-16F7-4668-BE54-9A1E7A4F7556}") = "LucrorGames", "Server\LucrorGames.csproj", "{F8D2B6C9-60BD-4E3B-9476-B77428339D72}"
EndProject
Global
	GlobalSection(SolutionConfigurationPlatforms) = preSolution
		Debug|Any CPU = Debug|Any CPU
		Release|Any CPU = Release|Any CPU
	EndGlobalSection
	GlobalSection(ProjectConfigurationPlatforms) = postSolution
		{F8D2B6C9-60BD-4E3B-9476-B77428339D72}.Debug|Any CPU.ActiveCfg = Debug|Any CPU
		{F8D2B6C9-60BD-4E3B-9476-B77428339D72}.Debug|Any CPU.Build.0 = Debug|Any CPU
		{F8D2B6C9-60BD-4E3B-9476-B77428339D72}.Release|Any CPU.ActiveCfg = Release|Any CPU
		{F8D2B6C9-60BD-4E3B-9476-B77428339D72}.Release|Any CPU.Build.0 = Release|Any CPU
	EndGlobalSection
	GlobalSection(SolutionProperties) = preSolution
		HideSolutionNode = FALSE
	EndGlobalSection
	GlobalSection(ExtensibilityGlobals) = postSolution
		SolutionGuid = {200BFE1F-066C-4245-8295-BEAEA0A02DB8}
	EndGlobalSection
EndGlobal
